
Microsoft Visual Studio Solution File, Format Version 12.00
# Visual Studio Version 16
VisualStudioVersion = 16.0.30002.166
MinimumVisualStudioVersion = 10.0.40219.1
Project("{8BC9CEB8-8B4A-11D0-8D11-00A0C91BC942}") = "Lab3", "Lab3\Lab3\Lab3.vcxproj", "{594B462B-104E-4499-800A-D85EFCE4FCA0}"
EndProject
Project("{8BC9CEB8-8B4A-11D0-8D11-00A0C91BC942}") = "Lab4", "Lab4\Lab4.vcxproj", "{9720128F-8741-4826-9281-E81C44FB24C8}"
EndProject
Project("{8BC9CEB8-8B4A-11D0-8D11-00A0C91BC942}") = "Lab5", "Lab5\Lab5.vcxproj", "{5C592A6A-62B3-44D1-92B1-050844A07211}"
EndProject
Project("{8BC9CEB8-8B4A-11D0-8D11-00A0C91BC942}") = "Lab6", "Lab6\Lab6.vcxproj", "{3DA5970D-86AA-4EDB-940D-3AC461E97655}"
EndProject
Project("{8BC9CEB8-8B4A-11D0-8D11-00A0C91BC942}") = "Lab7", "Lab7\Lab7.vcxproj", "{E18620D5-D5C0-489B-8881-50464D68A6F7}"
EndProject
Project("{8BC9CEB8-8B4A-11D0-8D11-00A0C91BC942}") = "Lab8", "Lab8\Lab8.vcxproj", "{E2D33496-5423-45CD-BD22-94AC352DE26C}"
EndProject
Project("{8BC9CEB8-8B4A-11D0-8D11-00A0C91BC942}") = "Lab9", "Lab9\Lab9.vcxproj", "{7DA85A53-33C3-4AF6-A5FF-55B3DAB537E7}"
EndProject
Project("{8BC9CEB8-8B4A-11D0-8D11-00A0C91BC942}") = "Lab10", "Lab10\Lab10.vcxproj", "{0F06E417-6319-40BB-A693-B40D8FEE3385}"
EndProject
Project("{8BC9CEB8-8B4A-11D0-8D11-00A0C91BC942}") = "Lab11", "Lab11\Lab11.vcxproj", "{A3F2FBC1-94FC-472B-A2EB-AEB5BFB5B2A1}"
EndProject
Project("{8BC9CEB8-8B4A-11D0-8D11-00A0C91BC942}") = "Lab12", "Lab12\Lab12.vcxproj", "{338C3D98-AB88-4F7A-BE88-9A7A2679B8CF}"
EndProject
Global
	GlobalSection(SolutionConfigurationPlatforms) = preSolution
		Debug|x64 = Debug|x64
		Debug|x86 = Debug|x86
		Lab4 edit|x64 = Lab4 edit|x64
		Lab4 edit|x86 = Lab4 edit|x86
		Release|x64 = Release|x64
		Release|x86 = Release|x86
	EndGlobalSection
	GlobalSection(ProjectConfigurationPlatforms) = postSolution
		{594B462B-104E-4499-800A-D85EFCE4FCA0}.Debug|x64.ActiveCfg = Debug|x64
		{594B462B-104E-4499-800A-D85EFCE4FCA0}.Debug|x64.Build.0 = Debug|x64
		{594B462B-104E-4499-800A-D85EFCE4FCA0}.Debug|x86.ActiveCfg = Debug|Win32
		{594B462B-104E-4499-800A-D85EFCE4FCA0}.Debug|x86.Build.0 = Debug|Win32
		{594B462B-104E-4499-800A-D85EFCE4FCA0}.Lab4 edit|x64.ActiveCfg = Release|x64
		{594B462B-104E-4499-800A-D85EFCE4FCA0}.Lab4 edit|x64.Build.0 = Release|x64
		{594B462B-104E-4499-800A-D85EFCE4FCA0}.Lab4 edit|x86.ActiveCfg = Release|Win32
		{594B462B-104E-4499-800A-D85EFCE4FCA0}.Lab4 edit|x86.Build.0 = Release|Win32
		{594B462B-104E-4499-800A-D85EFCE4FCA0}.Release|x64.ActiveCfg = Release|x64
		{594B462B-104E-4499-800A-D85EFCE4FCA0}.Release|x64.Build.0 = Release|x64
		{594B462B-104E-4499-800A-D85EFCE4FCA0}.Release|x86.ActiveCfg = Release|Win32
		{594B462B-104E-4499-800A-D85EFCE4FCA0}.Release|x86.Build.0 = Release|Win32
		{9720128F-8741-4826-9281-E81C44FB24C8}.Debug|x64.ActiveCfg = Debug|x64
		{9720128F-8741-4826-9281-E81C44FB24C8}.Debug|x64.Build.0 = Debug|x64
		{9720128F-8741-4826-9281-E81C44FB24C8}.Debug|x86.ActiveCfg = Debug|Win32
		{9720128F-8741-4826-9281-E81C44FB24C8}.Debug|x86.Build.0 = Debug|Win32
		{9720128F-8741-4826-9281-E81C44FB24C8}.Lab4 edit|x64.ActiveCfg = Release|x64
		{9720128F-8741-4826-9281-E81C44FB24C8}.Lab4 edit|x64.Build.0 = Release|x64
		{9720128F-8741-4826-9281-E81C44FB24C8}.Lab4 edit|x86.ActiveCfg = Project4|Win32
		{9720128F-8741-4826-9281-E81C44FB24C8}.Lab4 edit|x86.Build.0 = Project4|Win32
		{9720128F-8741-4826-9281-E81C44FB24C8}.Release|x64.ActiveCfg = Release|x64
		{9720128F-8741-4826-9281-E81C44FB24C8}.Release|x64.Build.0 = Release|x64
		{9720128F-8741-4826-9281-E81C44FB24C8}.Release|x86.ActiveCfg = Release|Win32
		{9720128F-8741-4826-9281-E81C44FB24C8}.Release|x86.Build.0 = Release|Win32
		{5C592A6A-62B3-44D1-92B1-050844A07211}.Debug|x64.ActiveCfg = Debug|x64
		{5C592A6A-62B3-44D1-92B1-050844A07211}.Debug|x64.Build.0 = Debug|x64
		{5C592A6A-62B3-44D1-92B1-050844A07211}.Debug|x86.ActiveCfg = Debug|Win32
		{5C592A6A-62B3-44D1-92B1-050844A07211}.Debug|x86.Build.0 = Debug|Win32
		{5C592A6A-62B3-44D1-92B1-050844A07211}.Lab4 edit|x64.ActiveCfg = Release|x64
		{5C592A6A-62B3-44D1-92B1-050844A07211}.Lab4 edit|x64.Build.0 = Release|x64
		{5C592A6A-62B3-44D1-92B1-050844A07211}.Lab4 edit|x86.ActiveCfg = Release|Win32
		{5C592A6A-62B3-44D1-92B1-050844A07211}.Lab4 edit|x86.Build.0 = Release|Win32
		{5C592A6A-62B3-44D1-92B1-050844A07211}.Release|x64.ActiveCfg = Release|x64
		{5C592A6A-62B3-44D1-92B1-050844A07211}.Release|x64.Build.0 = Release|x64
		{5C592A6A-62B3-44D1-92B1-050844A07211}.Release|x86.ActiveCfg = Release|Win32
		{5C592A6A-62B3-44D1-92B1-050844A07211}.Release|x86.Build.0 = Release|Win32
		{3DA5970D-86AA-4EDB-940D-3AC461E97655}.Debug|x64.ActiveCfg = Debug|x64
		{3DA5970D-86AA-4EDB-940D-3AC461E97655}.Debug|x64.Build.0 = Debug|x64
		{3DA5970D-86AA-4EDB-940D-3AC461E97655}.Debug|x86.ActiveCfg = Debug|Win32
		{3DA5970D-86AA-4EDB-940D-3AC461E97655}.Debug|x86.Build.0 = Debug|Win32
		{3DA5970D-86AA-4EDB-940D-3AC461E97655}.Lab4 edit|x64.ActiveCfg = Release|x64
		{3DA5970D-86AA-4EDB-940D-3AC461E97655}.Lab4 edit|x64.Build.0 = Release|x64
		{3DA5970D-86AA-4EDB-940D-3AC461E97655}.Lab4 edit|x86.ActiveCfg = Release|Win32
		{3DA5970D-86AA-4EDB-940D-3AC461E97655}.Lab4 edit|x86.Build.0 = Release|Win32
		{3DA5970D-86AA-4EDB-940D-3AC461E97655}.Release|x64.ActiveCfg = Release|x64
		{3DA5970D-86AA-4EDB-940D-3AC461E97655}.Release|x64.Build.0 = Release|x64
		{3DA5970D-86AA-4EDB-940D-3AC461E97655}.Release|x86.ActiveCfg = Release|Win32
		{3DA5970D-86AA-4EDB-940D-3AC461E97655}.Release|x86.Build.0 = Release|Win32
		{E18620D5-D5C0-489B-8881-50464D68A6F7}.Debug|x64.ActiveCfg = Debug|x64
		{E18620D5-D5C0-489B-8881-50464D68A6F7}.Debug|x64.Build.0 = Debug|x64
		{E18620D5-D5C0-489B-8881-50464D68A6F7}.Debug|x86.ActiveCfg = Debug|Win32
		{E18620D5-D5C0-489B-8881-50464D68A6F7}.Debug|x86.Build.0 = Debug|Win32
		{E18620D5-D5C0-489B-8881-50464D68A6F7}.Lab4 edit|x64.ActiveCfg = Release|x64
		{E18620D5-D5C0-489B-8881-50464D68A6F7}.Lab4 edit|x64.Build.0 = Release|x64
		{E18620D5-D5C0-489B-8881-50464D68A6F7}.Lab4 edit|x86.ActiveCfg = Release|Win32
		{E18620D5-D5C0-489B-8881-50464D68A6F7}.Lab4 edit|x86.Build.0 = Release|Win32
		{E18620D5-D5C0-489B-8881-50464D68A6F7}.Release|x64.ActiveCfg = Release|x64
		{E18620D5-D5C0-489B-8881-50464D68A6F7}.Release|x64.Build.0 = Release|x64
		{E18620D5-D5C0-489B-8881-50464D68A6F7}.Release|x86.ActiveCfg = Release|Win32
		{E18620D5-D5C0-489B-8881-50464D68A6F7}.Release|x86.Build.0 = Release|Win32
		{E2D33496-5423-45CD-BD22-94AC352DE26C}.Debug|x64.ActiveCfg = Debug|x64
		{E2D33496-5423-45CD-BD22-94AC352DE26C}.Debug|x64.Build.0 = Debug|x64
		{E2D33496-5423-45CD-BD22-94AC352DE26C}.Debug|x86.ActiveCfg = Debug|Win32
		{E2D33496-5423-45CD-BD22-94AC352DE26C}.Debug|x86.Build.0 = Debug|Win32
		{E2D33496-5423-45CD-BD22-94AC352DE26C}.Lab4 edit|x64.ActiveCfg = Release|x64
		{E2D33496-5423-45CD-BD22-94AC352DE26C}.Lab4 edit|x64.Build.0 = Release|x64
		{E2D33496-5423-45CD-BD22-94AC352DE26C}.Lab4 edit|x86.ActiveCfg = Release|Win32
		{E2D33496-5423-45CD-BD22-94AC352DE26C}.Lab4 edit|x86.Build.0 = Release|Win32
		{E2D33496-5423-45CD-BD22-94AC352DE26C}.Release|x64.ActiveCfg = Release|x64
		{E2D33496-5423-45CD-BD22-94AC352DE26C}.Release|x64.Build.0 = Release|x64
		{E2D33496-5423-45CD-BD22-94AC352DE26C}.Release|x86.ActiveCfg = Release|Win32
		{E2D33496-5423-45CD-BD22-94AC352DE26C}.Release|x86.Build.0 = Release|Win32
		{7DA85A53-33C3-4AF6-A5FF-55B3DAB537E7}.Debug|x64.ActiveCfg = Debug|x64
		{7DA85A53-33C3-4AF6-A5FF-55B3DAB537E7}.Debug|x64.Build.0 = Debug|x64
		{7DA85A53-33C3-4AF6-A5FF-55B3DAB537E7}.Debug|x86.ActiveCfg = Debug|Win32
		{7DA85A53-33C3-4AF6-A5FF-55B3DAB537E7}.Debug|x86.Build.0 = Debug|Win32
		{7DA85A53-33C3-4AF6-A5FF-55B3DAB537E7}.Lab4 edit|x64.ActiveCfg = Release|x64
		{7DA85A53-33C3-4AF6-A5FF-55B3DAB537E7}.Lab4 edit|x64.Build.0 = Release|x64
		{7DA85A53-33C3-4AF6-A5FF-55B3DAB537E7}.Lab4 edit|x86.ActiveCfg = Release|Win32
		{7DA85A53-33C3-4AF6-A5FF-55B3DAB537E7}.Lab4 edit|x86.Build.0 = Release|Win32
		{7DA85A53-33C3-4AF6-A5FF-55B3DAB537E7}.Release|x64.ActiveCfg = Release|x64
		{7DA85A53-33C3-4AF6-A5FF-55B3DAB537E7}.Release|x64.Build.0 = Release|x64
		{7DA85A53-33C3-4AF6-A5FF-55B3DAB537E7}.Release|x86.ActiveCfg = Release|Win32
		{7DA85A53-33C3-4AF6-A5FF-55B3DAB537E7}.Release|x86.Build.0 = Release|Win32
		{0F06E417-6319-40BB-A693-B40D8FEE3385}.Debug|x64.ActiveCfg = Debug|x64
		{0F06E417-6319-40BB-A693-B40D8FEE3385}.Debug|x64.Build.0 = Debug|x64
		{0F06E417-6319-40BB-A693-B40D8FEE3385}.Debug|x86.ActiveCfg = Debug|Win32
		{0F06E417-6319-40BB-A693-B40D8FEE3385}.Debug|x86.Build.0 = Debug|Win32
		{0F06E417-6319-40BB-A693-B40D8FEE3385}.Lab4 edit|x64.ActiveCfg = Release|x64
		{0F06E417-6319-40BB-A693-B40D8FEE3385}.Lab4 edit|x64.Build.0 = Release|x64
		{0F06E417-6319-40BB-A693-B40D8FEE3385}.Lab4 edit|x86.ActiveCfg = Release|Win32
		{0F06E417-6319-40BB-A693-B40D8FEE3385}.Lab4 edit|x86.Build.0 = Release|Win32
		{0F06E417-6319-40BB-A693-B40D8FEE3385}.Release|x64.ActiveCfg = Release|x64
		{0F06E417-6319-40BB-A693-B40D8FEE3385}.Release|x64.Build.0 = Release|x64
		{0F06E417-6319-40BB-A693-B40D8FEE3385}.Release|x86.ActiveCfg = Release|Win32
		{0F06E417-6319-40BB-A693-B40D8FEE3385}.Release|x86.Build.0 = Release|Win32
		{A3F2FBC1-94FC-472B-A2EB-AEB5BFB5B2A1}.Debug|x64.ActiveCfg = Debug|x64
		{A3F2FBC1-94FC-472B-A2EB-AEB5BFB5B2A1}.Debug|x64.Build.0 = Debug|x64
		{A3F2FBC1-94FC-472B-A2EB-AEB5BFB5B2A1}.Debug|x86.ActiveCfg = Debug|Win32
		{A3F2FBC1-94FC-472B-A2EB-AEB5BFB5B2A1}.Debug|x86.Build.0 = Debug|Win32
		{A3F2FBC1-94FC-472B-A2EB-AEB5BFB5B2A1}.Lab4 edit|x64.ActiveCfg = Release|x64
		{A3F2FBC1-94FC-472B-A2EB-AEB5BFB5B2A1}.Lab4 edit|x64.Build.0 = Release|x64
		{A3F2FBC1-94FC-472B-A2EB-AEB5BFB5B2A1}.Lab4 edit|x86.ActiveCfg = Release|Win32
		{A3F2FBC1-94FC-472B-A2EB-AEB5BFB5B2A1}.Lab4 edit|x86.Build.0 = Release|Win32
		{A3F2FBC1-94FC-472B-A2EB-AEB5BFB5B2A1}.Release|x64.ActiveCfg = Release|x64
		{A3F2FBC1-94FC-472B-A2EB-AEB5BFB5B2A1}.Release|x64.Build.0 = Release|x64
		{A3F2FBC1-94FC-472B-A2EB-AEB5BFB5B2A1}.Release|x86.ActiveCfg = Release|Win32
		{A3F2FBC1-94FC-472B-A2EB-AEB5BFB5B2A1}.Release|x86.Build.0 = Release|Win32
		{338C3D98-AB88-4F7A-BE88-9A7A2679B8CF}.Debug|x64.ActiveCfg = Debug|x64
		{338C3D98-AB88-4F7A-BE88-9A7A2679B8CF}.Debug|x64.Build.0 = Debug|x64
		{338C3D98-AB88-4F7A-BE88-9A7A2679B8CF}.Debug|x86.ActiveCfg = Debug|Win32
		{338C3D98-AB88-4F7A-BE88-9A7A2679B8CF}.Debug|x86.Build.0 = Debug|Win32
		{338C3D98-AB88-4F7A-BE88-9A7A2679B8CF}.Lab4 edit|x64.ActiveCfg = Release|x64
		{338C3D98-AB88-4F7A-BE88-9A7A2679B8CF}.Lab4 edit|x64.Build.0 = Release|x64
		{338C3D98-AB88-4F7A-BE88-9A7A2679B8CF}.Lab4 edit|x86.ActiveCfg = Release|Win32
		{338C3D98-AB88-4F7A-BE88-9A7A2679B8CF}.Lab4 edit|x86.Build.0 = Release|Win32
		{338C3D98-AB88-4F7A-BE88-9A7A2679B8CF}.Release|x64.ActiveCfg = Release|x64
		{338C3D98-AB88-4F7A-BE88-9A7A2679B8CF}.Release|x64.Build.0 = Release|x64
		{338C3D98-AB88-4F7A-BE88-9A7A2679B8CF}.Release|x86.ActiveCfg = Release|Win32
		{338C3D98-AB88-4F7A-BE88-9A7A2679B8CF}.Release|x86.Build.0 = Release|Win32
	EndGlobalSection
	GlobalSection(SolutionProperties) = preSolution
		HideSolutionNode = FALSE
	EndGlobalSection
	GlobalSection(ExtensibilityGlobals) = postSolution
		SolutionGuid = {5F615157-E4FC-4311-BEBF-1821A1F90D99}
	EndGlobalSection
EndGlobal
